
Microsoft Visual Studio Solution File, Format Version 12.00
# Visual Studio Version 17
VisualStudioVersion = 17.7.34031.279
MinimumVisualStudioVersion = 10.0.40219.1
Project("{FAE04EC0-301F-11D3-BF4B-00C04F79EFBC}") = "KutuphaneB", "KutuphaneB.csproj", "{B259B13D-0A04-4A8F-B232-1129A3B66122}"
EndProject
Global
	GlobalSection(SolutionConfigurationPlatforms) = preSolution
		Debug|Any CPU = Debug|Any CPU
		Release|Any CPU = Release|Any CPU
	EndGlobalSection
	GlobalSection(ProjectConfigurationPlatforms) = postSolution
		{B259B13D-0A04-4A8F-B232-1129A3B66122}.Debug|Any CPU.ActiveCfg = Debug|Any CPU
		{B259B13D-0A04-4A8F-B232-1129A3B66122}.Debug|Any CPU.Build.0 = Debug|Any CPU
		{B259B13D-0A04-4A8F-B232-1129A3B66122}.Release|Any CPU.ActiveCfg = Release|Any CPU
		{B259B13D-0A04-4A8F-B232-1129A3B66122}.Release|Any CPU.Build.0 = Release|Any CPU
	EndGlobalSection
	GlobalSection(SolutionProperties) = preSolution
		HideSolutionNode = FALSE
	EndGlobalSection
	GlobalSection(ExtensibilityGlobals) = postSolution
		SolutionGuid = {D027DB93-AA5E-44F7-BAAE-BE7D41732624}
	EndGlobalSection
EndGlobal
